{
  "requires": true,
  "lockfileVersion": 1,
  "dependencies": {
    "mini-antui": {
      "version": "0.4.25",
      "resolved": "https://registry.npmjs.org/mini-antui/-/mini-antui-0.4.25.tgz",
      "integrity": "sha512-HQSmWsyy4gV5ICGQvMZCFHWxB4d2fkfQn1P1bgRMx7ARQubwbrVKFhgvKoYRojVNN4SNz7g2lyOWapb1vE7ibw=="
    },
    "mock": {
      "version": "0.1.1",
      "resolved": "https://registry.npm.taobao.org/mock/download/mock-0.1.1.tgz",
      "integrity": "sha1-5+NYnH5rM3bWn1o+RwtWYEQXxjM="
    }
  }
}
